
Microsoft Visual Studio Solution File, Format Version 12.00
# Visual Studio Version 17
VisualStudioVersion = 17.5.002.0
MinimumVisualStudioVersion = 10.0.40219.1
Project("{2150E333-8FDC-42A3-9474-1A3956D46DE8}") = "src", "src", "{092CB321-042D-4D64-9D86-9E7724A31CF2}"
EndProject
Project("{9A19103F-16F7-4668-BE54-9A1E7A4F7556}") = "day1", "src\day1\day1.csproj", "{F888C293-B591-4BFB-A54C-5C481D94C063}"
EndProject
Project("{FAE04EC0-301F-11D3-BF4B-00C04F79EFBC}") = "day1-part2", "src\day1-part2\day1-part2.csproj", "{EB19B689-852D-4172-A349-7E1BAF35CBF8}"
EndProject
Project("{FAE04EC0-301F-11D3-BF4B-00C04F79EFBC}") = "day3", "src\day3\day3.csproj", "{C3755CB8-67D5-48B6-827D-348FD378D300}"
EndProject
Project("{FAE04EC0-301F-11D3-BF4B-00C04F79EFBC}") = "day4", "src\day4\day4.csproj", "{73177FD4-BA3E-44C7-9762-E575AF5BAFC0}"
EndProject
Project("{FAE04EC0-301F-11D3-BF4B-00C04F79EFBC}") = "day5", "src\day5\day5.csproj", "{5ED1A755-7ECD-465E-926B-8DBF3D80F19A}"
EndProject
Project("{FAE04EC0-301F-11D3-BF4B-00C04F79EFBC}") = "day6", "src\day6\day6.csproj", "{FF65C59C-A524-4E96-B61F-15853D44E241}"
EndProject
Project("{FAE04EC0-301F-11D3-BF4B-00C04F79EFBC}") = "day7", "src\day7\day7.csproj", "{59BE5CD1-82F2-48ED-932B-8E8B83AD207B}"
EndProject
Project("{FAE04EC0-301F-11D3-BF4B-00C04F79EFBC}") = "day8", "src\day8\day8.csproj", "{FCF58D17-09ED-44F7-9055-232ABB7C82E8}"
EndProject
Project("{FAE04EC0-301F-11D3-BF4B-00C04F79EFBC}") = "day9", "src\day9\day9.csproj", "{B9DF71DB-917A-4843-B99D-25CB557C74EF}"
EndProject
Project("{FAE04EC0-301F-11D3-BF4B-00C04F79EFBC}") = "day10", "src\day10\day10.csproj", "{70CB0DC7-3529-4D8C-9BC2-42073A062C69}"
EndProject
Project("{FAE04EC0-301F-11D3-BF4B-00C04F79EFBC}") = "day11", "src\day11\day11.csproj", "{F1A3FB3A-290B-496C-A83D-FD5B1F24986F}"
EndProject
Project("{FAE04EC0-301F-11D3-BF4B-00C04F79EFBC}") = "day12", "src\day12\day12.csproj", "{FB1FBECE-5BBE-429A-B6AE-8AC612F44B9D}"
EndProject
Project("{FAE04EC0-301F-11D3-BF4B-00C04F79EFBC}") = "day13", "src\day13\day13.csproj", "{95087D5E-C045-40CB-9F09-37CF3A5F03C5}"
EndProject
Project("{FAE04EC0-301F-11D3-BF4B-00C04F79EFBC}") = "day14", "src\day14\day14.csproj", "{CB3EC625-3956-4D3B-ADB4-FCF4DCC85A79}"
EndProject
Project("{FAE04EC0-301F-11D3-BF4B-00C04F79EFBC}") = "day15", "src\day15\day15.csproj", "{B784F3C4-BE53-4269-B689-939B1DFA8EE0}"
EndProject
Project("{FAE04EC0-301F-11D3-BF4B-00C04F79EFBC}") = "day16", "src\day16\day16.csproj", "{E17C5485-7B28-40BB-AAA2-54CFF0C75B9C}"
EndProject
Project("{FAE04EC0-301F-11D3-BF4B-00C04F79EFBC}") = "day17", "src\day17\day17.csproj", "{1BAC7896-09A3-4F9B-906F-7EF153EDEF8D}"
EndProject
Global
	GlobalSection(SolutionConfigurationPlatforms) = preSolution
		Debug|Any CPU = Debug|Any CPU
		Release|Any CPU = Release|Any CPU
	EndGlobalSection
	GlobalSection(ProjectConfigurationPlatforms) = postSolution
		{F888C293-B591-4BFB-A54C-5C481D94C063}.Debug|Any CPU.ActiveCfg = Debug|Any CPU
		{F888C293-B591-4BFB-A54C-5C481D94C063}.Debug|Any CPU.Build.0 = Debug|Any CPU
		{F888C293-B591-4BFB-A54C-5C481D94C063}.Release|Any CPU.ActiveCfg = Release|Any CPU
		{F888C293-B591-4BFB-A54C-5C481D94C063}.Release|Any CPU.Build.0 = Release|Any CPU
		{EB19B689-852D-4172-A349-7E1BAF35CBF8}.Debug|Any CPU.ActiveCfg = Debug|Any CPU
		{EB19B689-852D-4172-A349-7E1BAF35CBF8}.Debug|Any CPU.Build.0 = Debug|Any CPU
		{EB19B689-852D-4172-A349-7E1BAF35CBF8}.Release|Any CPU.ActiveCfg = Release|Any CPU
		{EB19B689-852D-4172-A349-7E1BAF35CBF8}.Release|Any CPU.Build.0 = Release|Any CPU
		{C3755CB8-67D5-48B6-827D-348FD378D300}.Debug|Any CPU.ActiveCfg = Debug|Any CPU
		{C3755CB8-67D5-48B6-827D-348FD378D300}.Debug|Any CPU.Build.0 = Debug|Any CPU
		{C3755CB8-67D5-48B6-827D-348FD378D300}.Release|Any CPU.ActiveCfg = Release|Any CPU
		{C3755CB8-67D5-48B6-827D-348FD378D300}.Release|Any CPU.Build.0 = Release|Any CPU
		{73177FD4-BA3E-44C7-9762-E575AF5BAFC0}.Debug|Any CPU.ActiveCfg = Debug|Any CPU
		{73177FD4-BA3E-44C7-9762-E575AF5BAFC0}.Debug|Any CPU.Build.0 = Debug|Any CPU
		{73177FD4-BA3E-44C7-9762-E575AF5BAFC0}.Release|Any CPU.ActiveCfg = Release|Any CPU
		{73177FD4-BA3E-44C7-9762-E575AF5BAFC0}.Release|Any CPU.Build.0 = Release|Any CPU
		{5ED1A755-7ECD-465E-926B-8DBF3D80F19A}.Debug|Any CPU.ActiveCfg = Debug|Any CPU
		{5ED1A755-7ECD-465E-926B-8DBF3D80F19A}.Debug|Any CPU.Build.0 = Debug|Any CPU
		{5ED1A755-7ECD-465E-926B-8DBF3D80F19A}.Release|Any CPU.ActiveCfg = Release|Any CPU
		{5ED1A755-7ECD-465E-926B-8DBF3D80F19A}.Release|Any CPU.Build.0 = Release|Any CPU
		{FF65C59C-A524-4E96-B61F-15853D44E241}.Debug|Any CPU.ActiveCfg = Debug|Any CPU
		{FF65C59C-A524-4E96-B61F-15853D44E241}.Debug|Any CPU.Build.0 = Debug|Any CPU
		{FF65C59C-A524-4E96-B61F-15853D44E241}.Release|Any CPU.ActiveCfg = Release|Any CPU
		{FF65C59C-A524-4E96-B61F-15853D44E241}.Release|Any CPU.Build.0 = Release|Any CPU
		{59BE5CD1-82F2-48ED-932B-8E8B83AD207B}.Debug|Any CPU.ActiveCfg = Debug|Any CPU
		{59BE5CD1-82F2-48ED-932B-8E8B83AD207B}.Debug|Any CPU.Build.0 = Debug|Any CPU
		{59BE5CD1-82F2-48ED-932B-8E8B83AD207B}.Release|Any CPU.ActiveCfg = Release|Any CPU
		{59BE5CD1-82F2-48ED-932B-8E8B83AD207B}.Release|Any CPU.Build.0 = Release|Any CPU
		{FCF58D17-09ED-44F7-9055-232ABB7C82E8}.Debug|Any CPU.ActiveCfg = Debug|Any CPU
		{FCF58D17-09ED-44F7-9055-232ABB7C82E8}.Debug|Any CPU.Build.0 = Debug|Any CPU
		{FCF58D17-09ED-44F7-9055-232ABB7C82E8}.Release|Any CPU.ActiveCfg = Release|Any CPU
		{FCF58D17-09ED-44F7-9055-232ABB7C82E8}.Release|Any CPU.Build.0 = Release|Any CPU
		{B9DF71DB-917A-4843-B99D-25CB557C74EF}.Debug|Any CPU.ActiveCfg = Debug|Any CPU
		{B9DF71DB-917A-4843-B99D-25CB557C74EF}.Debug|Any CPU.Build.0 = Debug|Any CPU
		{B9DF71DB-917A-4843-B99D-25CB557C74EF}.Release|Any CPU.ActiveCfg = Release|Any CPU
		{B9DF71DB-917A-4843-B99D-25CB557C74EF}.Release|Any CPU.Build.0 = Release|Any CPU
		{70CB0DC7-3529-4D8C-9BC2-42073A062C69}.Debug|Any CPU.ActiveCfg = Debug|Any CPU
		{70CB0DC7-3529-4D8C-9BC2-42073A062C69}.Debug|Any CPU.Build.0 = Debug|Any CPU
		{70CB0DC7-3529-4D8C-9BC2-42073A062C69}.Release|Any CPU.ActiveCfg = Release|Any CPU
		{70CB0DC7-3529-4D8C-9BC2-42073A062C69}.Release|Any CPU.Build.0 = Release|Any CPU
		{F1A3FB3A-290B-496C-A83D-FD5B1F24986F}.Debug|Any CPU.ActiveCfg = Debug|Any CPU
		{F1A3FB3A-290B-496C-A83D-FD5B1F24986F}.Debug|Any CPU.Build.0 = Debug|Any CPU
		{F1A3FB3A-290B-496C-A83D-FD5B1F24986F}.Release|Any CPU.ActiveCfg = Release|Any CPU
		{F1A3FB3A-290B-496C-A83D-FD5B1F24986F}.Release|Any CPU.Build.0 = Release|Any CPU
		{FB1FBECE-5BBE-429A-B6AE-8AC612F44B9D}.Debug|Any CPU.ActiveCfg = Debug|Any CPU
		{FB1FBECE-5BBE-429A-B6AE-8AC612F44B9D}.Debug|Any CPU.Build.0 = Debug|Any CPU
		{FB1FBECE-5BBE-429A-B6AE-8AC612F44B9D}.Release|Any CPU.ActiveCfg = Release|Any CPU
		{FB1FBECE-5BBE-429A-B6AE-8AC612F44B9D}.Release|Any CPU.Build.0 = Release|Any CPU
		{95087D5E-C045-40CB-9F09-37CF3A5F03C5}.Debug|Any CPU.ActiveCfg = Debug|Any CPU
		{95087D5E-C045-40CB-9F09-37CF3A5F03C5}.Debug|Any CPU.Build.0 = Debug|Any CPU
		{95087D5E-C045-40CB-9F09-37CF3A5F03C5}.Release|Any CPU.ActiveCfg = Release|Any CPU
		{95087D5E-C045-40CB-9F09-37CF3A5F03C5}.Release|Any CPU.Build.0 = Release|Any CPU
		{CB3EC625-3956-4D3B-ADB4-FCF4DCC85A79}.Debug|Any CPU.ActiveCfg = Debug|Any CPU
		{CB3EC625-3956-4D3B-ADB4-FCF4DCC85A79}.Debug|Any CPU.Build.0 = Debug|Any CPU
		{CB3EC625-3956-4D3B-ADB4-FCF4DCC85A79}.Release|Any CPU.ActiveCfg = Release|Any CPU
		{CB3EC625-3956-4D3B-ADB4-FCF4DCC85A79}.Release|Any CPU.Build.0 = Release|Any CPU
		{B784F3C4-BE53-4269-B689-939B1DFA8EE0}.Debug|Any CPU.ActiveCfg = Debug|Any CPU
		{B784F3C4-BE53-4269-B689-939B1DFA8EE0}.Debug|Any CPU.Build.0 = Debug|Any CPU
		{B784F3C4-BE53-4269-B689-939B1DFA8EE0}.Release|Any CPU.ActiveCfg = Release|Any CPU
		{B784F3C4-BE53-4269-B689-939B1DFA8EE0}.Release|Any CPU.Build.0 = Release|Any CPU
		{E17C5485-7B28-40BB-AAA2-54CFF0C75B9C}.Debug|Any CPU.ActiveCfg = Debug|Any CPU
		{E17C5485-7B28-40BB-AAA2-54CFF0C75B9C}.Debug|Any CPU.Build.0 = Debug|Any CPU
		{E17C5485-7B28-40BB-AAA2-54CFF0C75B9C}.Release|Any CPU.ActiveCfg = Release|Any CPU
		{E17C5485-7B28-40BB-AAA2-54CFF0C75B9C}.Release|Any CPU.Build.0 = Release|Any CPU
		{1BAC7896-09A3-4F9B-906F-7EF153EDEF8D}.Debug|Any CPU.ActiveCfg = Debug|Any CPU
		{1BAC7896-09A3-4F9B-906F-7EF153EDEF8D}.Debug|Any CPU.Build.0 = Debug|Any CPU
		{1BAC7896-09A3-4F9B-906F-7EF153EDEF8D}.Release|Any CPU.ActiveCfg = Release|Any CPU
		{1BAC7896-09A3-4F9B-906F-7EF153EDEF8D}.Release|Any CPU.Build.0 = Release|Any CPU
	EndGlobalSection
	GlobalSection(SolutionProperties) = preSolution
		HideSolutionNode = FALSE
	EndGlobalSection
	GlobalSection(NestedProjects) = preSolution
		{F888C293-B591-4BFB-A54C-5C481D94C063} = {092CB321-042D-4D64-9D86-9E7724A31CF2}
		{EB19B689-852D-4172-A349-7E1BAF35CBF8} = {092CB321-042D-4D64-9D86-9E7724A31CF2}
		{C3755CB8-67D5-48B6-827D-348FD378D300} = {092CB321-042D-4D64-9D86-9E7724A31CF2}
		{73177FD4-BA3E-44C7-9762-E575AF5BAFC0} = {092CB321-042D-4D64-9D86-9E7724A31CF2}
		{5ED1A755-7ECD-465E-926B-8DBF3D80F19A} = {092CB321-042D-4D64-9D86-9E7724A31CF2}
		{FF65C59C-A524-4E96-B61F-15853D44E241} = {092CB321-042D-4D64-9D86-9E7724A31CF2}
		{59BE5CD1-82F2-48ED-932B-8E8B83AD207B} = {092CB321-042D-4D64-9D86-9E7724A31CF2}
		{FCF58D17-09ED-44F7-9055-232ABB7C82E8} = {092CB321-042D-4D64-9D86-9E7724A31CF2}
		{B9DF71DB-917A-4843-B99D-25CB557C74EF} = {092CB321-042D-4D64-9D86-9E7724A31CF2}
		{70CB0DC7-3529-4D8C-9BC2-42073A062C69} = {092CB321-042D-4D64-9D86-9E7724A31CF2}
		{F1A3FB3A-290B-496C-A83D-FD5B1F24986F} = {092CB321-042D-4D64-9D86-9E7724A31CF2}
		{FB1FBECE-5BBE-429A-B6AE-8AC612F44B9D} = {092CB321-042D-4D64-9D86-9E7724A31CF2}
		{95087D5E-C045-40CB-9F09-37CF3A5F03C5} = {092CB321-042D-4D64-9D86-9E7724A31CF2}
		{CB3EC625-3956-4D3B-ADB4-FCF4DCC85A79} = {092CB321-042D-4D64-9D86-9E7724A31CF2}
		{B784F3C4-BE53-4269-B689-939B1DFA8EE0} = {092CB321-042D-4D64-9D86-9E7724A31CF2}
		{E17C5485-7B28-40BB-AAA2-54CFF0C75B9C} = {092CB321-042D-4D64-9D86-9E7724A31CF2}
		{1BAC7896-09A3-4F9B-906F-7EF153EDEF8D} = {092CB321-042D-4D64-9D86-9E7724A31CF2}
	EndGlobalSection
	GlobalSection(ExtensibilityGlobals) = postSolution
		SolutionGuid = {009E3C15-7BC5-40FC-8189-BA9AAC671B8B}
	EndGlobalSection
EndGlobal
